
Microsoft Visual Studio Solution File, Format Version 12.00
# Visual Studio Version 17
VisualStudioVersion = 17.3.32901.215
MinimumVisualStudioVersion = 10.0.40219.1
Project("{FAE04EC0-301F-11D3-BF4B-00C04F79EFBC}") = "Lektion 13 - MVC", "Lektion 13 - MVC\Lektion 13 - MVC.csproj", "{E5644719-FE42-436E-B869-4EE767EA4985}"
EndProject
Global
	GlobalSection(SolutionConfigurationPlatforms) = preSolution
		Debug|Any CPU = Debug|Any CPU
		Release|Any CPU = Release|Any CPU
	EndGlobalSection
	GlobalSection(ProjectConfigurationPlatforms) = postSolution
		{E5644719-FE42-436E-B869-4EE767EA4985}.Debug|Any CPU.ActiveCfg = Debug|Any CPU
		{E5644719-FE42-436E-B869-4EE767EA4985}.Debug|Any CPU.Build.0 = Debug|Any CPU
		{E5644719-FE42-436E-B869-4EE767EA4985}.Release|Any CPU.ActiveCfg = Release|Any CPU
		{E5644719-FE42-436E-B869-4EE767EA4985}.Release|Any CPU.Build.0 = Release|Any CPU
	EndGlobalSection
	GlobalSection(SolutionProperties) = preSolution
		HideSolutionNode = FALSE
	EndGlobalSection
	GlobalSection(ExtensibilityGlobals) = postSolution
		SolutionGuid = {20826B8C-178B-4831-8468-9745CD7D3739}
	EndGlobalSection
EndGlobal
