
Microsoft Visual Studio Solution File, Format Version 12.00
# Visual Studio Version 17
VisualStudioVersion = 17.3.32819.101
MinimumVisualStudioVersion = 10.0.40219.1
Project("{FAE04EC0-301F-11D3-BF4B-00C04F79EFBC}") = "Lecture 2 - Language constructions", "Lecture 2 - Language constructions\Lecture 2 - Language constructions.csproj", "{C82AB259-5148-4BCF-8241-DFE9F250B17F}"
EndProject
Global
	GlobalSection(SolutionConfigurationPlatforms) = preSolution
		Debug|Any CPU = Debug|Any CPU
		Release|Any CPU = Release|Any CPU
	EndGlobalSection
	GlobalSection(ProjectConfigurationPlatforms) = postSolution
		{C82AB259-5148-4BCF-8241-DFE9F250B17F}.Debug|Any CPU.ActiveCfg = Debug|Any CPU
		{C82AB259-5148-4BCF-8241-DFE9F250B17F}.Debug|Any CPU.Build.0 = Debug|Any CPU
		{C82AB259-5148-4BCF-8241-DFE9F250B17F}.Release|Any CPU.ActiveCfg = Release|Any CPU
		{C82AB259-5148-4BCF-8241-DFE9F250B17F}.Release|Any CPU.Build.0 = Release|Any CPU
	EndGlobalSection
	GlobalSection(SolutionProperties) = preSolution
		HideSolutionNode = FALSE
	EndGlobalSection
	GlobalSection(ExtensibilityGlobals) = postSolution
		SolutionGuid = {59BD8643-FE9B-41DA-B39C-E8BA79AA9584}
	EndGlobalSection
EndGlobal
