
Microsoft Visual Studio Solution File, Format Version 12.00
# Visual Studio Version 17
VisualStudioVersion = 17.3.32929.385
MinimumVisualStudioVersion = 10.0.40219.1
Project("{FAE04EC0-301F-11D3-BF4B-00C04F79EFBC}") = "Lesson 15 - UI", "Lesson 15 - UI\Lesson 15 - UI.csproj", "{25327E54-195F-4362-BC8D-98E455EEF172}"
EndProject
Global
	GlobalSection(SolutionConfigurationPlatforms) = preSolution
		Debug|Any CPU = Debug|Any CPU
		Release|Any CPU = Release|Any CPU
	EndGlobalSection
	GlobalSection(ProjectConfigurationPlatforms) = postSolution
		{25327E54-195F-4362-BC8D-98E455EEF172}.Debug|Any CPU.ActiveCfg = Debug|Any CPU
		{25327E54-195F-4362-BC8D-98E455EEF172}.Debug|Any CPU.Build.0 = Debug|Any CPU
		{25327E54-195F-4362-BC8D-98E455EEF172}.Release|Any CPU.ActiveCfg = Release|Any CPU
		{25327E54-195F-4362-BC8D-98E455EEF172}.Release|Any CPU.Build.0 = Release|Any CPU
	EndGlobalSection
	GlobalSection(SolutionProperties) = preSolution
		HideSolutionNode = FALSE
	EndGlobalSection
	GlobalSection(ExtensibilityGlobals) = postSolution
		SolutionGuid = {6DC749C1-D03F-4B93-832A-B20D7DDB8E3F}
	EndGlobalSection
EndGlobal
